
Microsoft Visual Studio Solution File, Format Version 12.00
# Visual Studio 2012
Project("{FAE04EC0-301F-11D3-BF4B-00C04F79EFBC}") = "Prime", "Prime\Prime.csproj", "{80CE85F7-E834-46AE-BF30-C644520AC619}"
EndProject
Global
	GlobalSection(SolutionConfigurationPlatforms) = preSolution
		Debug|Any CPU = Debug|Any CPU
		Release|Any CPU = Release|Any CPU
	EndGlobalSection
	GlobalSection(ProjectConfigurationPlatforms) = postSolution
		{80CE85F7-E834-46AE-BF30-C644520AC619}.Debug|Any CPU.ActiveCfg = Debug|Any CPU
		{80CE85F7-E834-46AE-BF30-C644520AC619}.Debug|Any CPU.Build.0 = Debug|Any CPU
		{80CE85F7-E834-46AE-BF30-C644520AC619}.Release|Any CPU.ActiveCfg = Release|Any CPU
		{80CE85F7-E834-46AE-BF30-C644520AC619}.Release|Any CPU.Build.0 = Release|Any CPU
	EndGlobalSection
	GlobalSection(SolutionProperties) = preSolution
		HideSolutionNode = FALSE
	EndGlobalSection
EndGlobal
